{
  "name": "nodejs-grpc",
  "version": "1.0.0",
  "lockfileVersion": 3,
  "requires": true,
  "packages": {
    "": {
      "name": "nodejs-grpc",
      "version": "1.0.0",
      "license": "ISC",
      "workspaces": [
        "packages/protos"
      ]
    },
    "node_modules/@nodejs-grpc-y/protos": {
      "resolved": "packages/protos",
      "link": true
    },
    "packages/protos": {
      "name": "@nodejs-grpc-y/protos",
      "version": "1.0.0",
      "license": "ISC"
    }
  }
}
